
Microsoft Visual Studio Solution File, Format Version 12.00
# Visual Studio Version 17
VisualStudioVersion = 17.9.34701.34
MinimumVisualStudioVersion = 10.0.40219.1
Project("{FAE04EC0-301F-11D3-BF4B-00C04F79EFBC}") = "Недвижимость", "Недвижимость.csproj", "{E03CDE2B-5C2D-4D04-A0CC-7B1B4469F68C}"
EndProject
Project("{FAE04EC0-301F-11D3-BF4B-00C04F79EFBC}") = "UnitTest", "UnitTest\UnitTest.csproj", "{DA01D5AD-AF11-47FA-83FD-75A32B0A230D}"
EndProject
Global
	GlobalSection(SolutionConfigurationPlatforms) = preSolution
		Debug|Any CPU = Debug|Any CPU
		Release|Any CPU = Release|Any CPU
	EndGlobalSection
	GlobalSection(ProjectConfigurationPlatforms) = postSolution
		{E03CDE2B-5C2D-4D04-A0CC-7B1B4469F68C}.Debug|Any CPU.ActiveCfg = Debug|Any CPU
		{E03CDE2B-5C2D-4D04-A0CC-7B1B4469F68C}.Debug|Any CPU.Build.0 = Debug|Any CPU
		{E03CDE2B-5C2D-4D04-A0CC-7B1B4469F68C}.Release|Any CPU.ActiveCfg = Release|Any CPU
		{E03CDE2B-5C2D-4D04-A0CC-7B1B4469F68C}.Release|Any CPU.Build.0 = Release|Any CPU
		{DA01D5AD-AF11-47FA-83FD-75A32B0A230D}.Debug|Any CPU.ActiveCfg = Debug|Any CPU
		{DA01D5AD-AF11-47FA-83FD-75A32B0A230D}.Debug|Any CPU.Build.0 = Debug|Any CPU
		{DA01D5AD-AF11-47FA-83FD-75A32B0A230D}.Release|Any CPU.ActiveCfg = Release|Any CPU
		{DA01D5AD-AF11-47FA-83FD-75A32B0A230D}.Release|Any CPU.Build.0 = Release|Any CPU
	EndGlobalSection
	GlobalSection(SolutionProperties) = preSolution
		HideSolutionNode = FALSE
	EndGlobalSection
	GlobalSection(ExtensibilityGlobals) = postSolution
		SolutionGuid = {BFAB27B6-2E0F-4A71-B336-A4A86479A872}
	EndGlobalSection
EndGlobal
